
Microsoft Visual Studio Solution File, Format Version 12.00
# Visual Studio Version 16
VisualStudioVersion = 16.0.30114.105
MinimumVisualStudioVersion = 10.0.40219.1
Project("{FAE04EC0-301F-11D3-BF4B-00C04F79EFBC}") = "CUBESCRAP", "CUBESCRAP.csproj", "{97DCCBBA-32DE-4C45-8B20-BD01965580D1}"
EndProject
Global
	GlobalSection(SolutionConfigurationPlatforms) = preSolution
		Debug|Any CPU = Debug|Any CPU
		Release|Any CPU = Release|Any CPU
	EndGlobalSection
	GlobalSection(ProjectConfigurationPlatforms) = postSolution
		{97DCCBBA-32DE-4C45-8B20-BD01965580D1}.Debug|Any CPU.ActiveCfg = Debug|Any CPU
		{97DCCBBA-32DE-4C45-8B20-BD01965580D1}.Debug|Any CPU.Build.0 = Debug|Any CPU
		{97DCCBBA-32DE-4C45-8B20-BD01965580D1}.Release|Any CPU.ActiveCfg = Release|Any CPU
		{97DCCBBA-32DE-4C45-8B20-BD01965580D1}.Release|Any CPU.Build.0 = Release|Any CPU
	EndGlobalSection
	GlobalSection(SolutionProperties) = preSolution
		HideSolutionNode = FALSE
	EndGlobalSection
	GlobalSection(ExtensibilityGlobals) = postSolution
		SolutionGuid = {B415A4CB-704C-458C-8990-6630FD7B95AD}
	EndGlobalSection
EndGlobal
